{
  "lockfileVersion": 1,
  "configVersion": 0,
  "workspaces": {
    "": {
      "name": "opencode-ptc",
      "dependencies": {
        "@opencode-ai/plugin": "^1.1.14",
        "@opencode-ai/sdk": "github:yuguorui/opencode#@opencode-ai/sdk-9ea99f597-gitpkg",
      },
      "devDependencies": {
        "@types/node": "^22.0.0",
        "typescript": "^5.7.0",
      },
      "peerDependencies": {
        "@opencode-ai/plugin": "^1.0.0",
      },
    },
  },
  "overrides": {
    "@opencode-ai/sdk": "github:yuguorui/opencode#@opencode-ai/sdk-9ea99f597-gitpkg",
  },
  "packages": {
    "@opencode-ai/plugin": ["@opencode-ai/plugin@1.1.19", "", { "dependencies": { "@opencode-ai/sdk": "1.1.19", "zod": "4.1.8" } }, "sha512-Q6qBEjHb/dJMEw4BUqQxEswTMxCCHUpFMMb6jR8HTTs8X/28XRkKt5pHNPA82GU65IlSoPRph+zd8LReBDN53Q=="],

    "@opencode-ai/sdk": ["@opencode-ai/sdk@github:yuguorui/opencode#7de08ea", {}, "yuguorui-opencode-7de08ea"],

    "@types/node": ["@types/node@22.19.6", "", { "dependencies": { "undici-types": "~6.21.0" } }, "sha512-qm+G8HuG6hOHQigsi7VGuLjUVu6TtBo/F05zvX04Mw2uCg9Dv0Qxy3Qw7j41SidlTcl5D/5yg0SEZqOB+EqZnQ=="],

    "typescript": ["typescript@5.9.3", "", { "bin": { "tsc": "bin/tsc", "tsserver": "bin/tsserver" } }, "sha512-jl1vZzPDinLr9eUt3J/t7V6FgNEw9QjvBPdysz9KfQDD41fQrC2Y4vKQdiaUpFT4bXlb1RHhLpp8wtm6M5TgSw=="],

    "undici-types": ["undici-types@6.21.0", "", {}, "sha512-iwDZqg0QAGrg9Rav5H4n0M64c3mkR59cJ6wQp+7C4nI0gsmExaedaYLNO44eT4AtBBwjbTiGPMlt2Md0T9H9JQ=="],

    "zod": ["zod@4.1.8", "", {}, "sha512-5R1P+WwQqmmMIEACyzSvo4JXHY5WiAFHRMg+zBZKgKS+Q1viRa0C1hmUKtHltoIFKtIdki3pRxkmpP74jnNYHQ=="],
  }
}
