{
  "lockfileVersion": 1,
  "configVersion": 1,
  "workspaces": {
    "": {
      "name": "opencode-pct",
      "dependencies": {
        "@opencode-ai/plugin": "^1.1.14",
        "@opencode-ai/sdk": "^1.1.14",
        "zod": "^3.24.0",
      },
      "devDependencies": {
        "@types/node": "^22.0.0",
        "typescript": "^5.7.0",
      },
      "peerDependencies": {
        "@opencode-ai/plugin": "^1.0.0",
      },
    },
  },
  "packages": {
    "@opencode-ai/plugin": ["@opencode-ai/plugin@1.1.14", "", { "dependencies": { "@opencode-ai/sdk": "1.1.14", "zod": "4.1.8" } }, "sha512-tfF4bEjeF7Gm0W0ViQUhzy77AaZfRxQ/kcPa7/Bc/YM9HddzjEqz0wOJ6ePG8UdUYc0dkKSJOJVhapUbAn/tOw=="],

    "@opencode-ai/sdk": ["@opencode-ai/sdk@1.1.14", "", {}, "sha512-PJFu2QPxnOk0VZzlPm+IxhD1wSA41PJyCG6gkxAMI767gfAO96A0ukJJN7VK/gO6MbxLF5oTFaxBX5rAGcBRVw=="],

    "@types/node": ["@types/node@22.19.5", "", { "dependencies": { "undici-types": "~6.21.0" } }, "sha512-HfF8+mYcHPcPypui3w3mvzuIErlNOh2OAG+BCeBZCEwyiD5ls2SiCwEyT47OELtf7M3nHxBdu0FsmzdKxkN52Q=="],

    "typescript": ["typescript@5.9.3", "", { "bin": { "tsc": "bin/tsc", "tsserver": "bin/tsserver" } }, "sha512-jl1vZzPDinLr9eUt3J/t7V6FgNEw9QjvBPdysz9KfQDD41fQrC2Y4vKQdiaUpFT4bXlb1RHhLpp8wtm6M5TgSw=="],

    "undici-types": ["undici-types@6.21.0", "", {}, "sha512-iwDZqg0QAGrg9Rav5H4n0M64c3mkR59cJ6wQp+7C4nI0gsmExaedaYLNO44eT4AtBBwjbTiGPMlt2Md0T9H9JQ=="],

    "zod": ["zod@3.25.76", "", {}, "sha512-gzUt/qt81nXsFGKIFcC3YnfEAx5NkunCfnDlvuBSSFS02bcXu4Lmea0AFIUwbLWxWPx3d9p8S5QoaujKcNQxcQ=="],

    "@opencode-ai/plugin/zod": ["zod@4.1.8", "", {}, "sha512-5R1P+WwQqmmMIEACyzSvo4JXHY5WiAFHRMg+zBZKgKS+Q1viRa0C1hmUKtHltoIFKtIdki3pRxkmpP74jnNYHQ=="],
  }
}
