{
  "name": "opencode-ptc",
  "version": "0.1.0",
  "lockfileVersion": 3,
  "requires": true,
  "packages": {
    "": {
      "name": "opencode-ptc",
      "version": "0.1.0",
      "license": "MIT",
      "dependencies": {
        "@opencode-ai/plugin": "^1.1.14",
        "@opencode-ai/sdk": "github:yuguorui/opencode#@opencode-ai/sdk-1.1.16-gitpkg"
      },
      "devDependencies": {
        "@types/node": "^22.0.0",
        "typescript": "^5.7.0"
      },
      "peerDependencies": {
        "@opencode-ai/plugin": "^1.0.0"
      }
    },
    "node_modules/@opencode-ai/plugin": {
      "version": "1.1.19",
      "resolved": "https://registry.npmjs.org/@opencode-ai/plugin/-/plugin-1.1.19.tgz",
      "integrity": "sha512-Q6qBEjHb/dJMEw4BUqQxEswTMxCCHUpFMMb6jR8HTTs8X/28XRkKt5pHNPA82GU65IlSoPRph+zd8LReBDN53Q==",
      "license": "MIT",
      "dependencies": {
        "@opencode-ai/sdk": "1.1.19",
        "zod": "4.1.8"
      }
    },
    "node_modules/@opencode-ai/sdk": {
      "version": "1.1.16",
      "resolved": "git+ssh://git@github.com/yuguorui/opencode.git#4b8f6ed526bab2c78a4908bcac0192ac0c5058b9",
      "license": "MIT"
    },
    "node_modules/@types/node": {
      "version": "22.19.6",
      "resolved": "https://registry.npmjs.org/@types/node/-/node-22.19.6.tgz",
      "integrity": "sha512-qm+G8HuG6hOHQigsi7VGuLjUVu6TtBo/F05zvX04Mw2uCg9Dv0Qxy3Qw7j41SidlTcl5D/5yg0SEZqOB+EqZnQ==",
      "dev": true,
      "license": "MIT",
      "dependencies": {
        "undici-types": "~6.21.0"
      }
    },
    "node_modules/typescript": {
      "version": "5.9.3",
      "resolved": "https://registry.npmjs.org/typescript/-/typescript-5.9.3.tgz",
      "integrity": "sha512-jl1vZzPDinLr9eUt3J/t7V6FgNEw9QjvBPdysz9KfQDD41fQrC2Y4vKQdiaUpFT4bXlb1RHhLpp8wtm6M5TgSw==",
      "dev": true,
      "license": "Apache-2.0",
      "bin": {
        "tsc": "bin/tsc",
        "tsserver": "bin/tsserver"
      },
      "engines": {
        "node": ">=14.17"
      }
    },
    "node_modules/undici-types": {
      "version": "6.21.0",
      "resolved": "https://registry.npmjs.org/undici-types/-/undici-types-6.21.0.tgz",
      "integrity": "sha512-iwDZqg0QAGrg9Rav5H4n0M64c3mkR59cJ6wQp+7C4nI0gsmExaedaYLNO44eT4AtBBwjbTiGPMlt2Md0T9H9JQ==",
      "dev": true,
      "license": "MIT"
    },
    "node_modules/zod": {
      "version": "4.1.8",
      "resolved": "https://registry.npmjs.org/zod/-/zod-4.1.8.tgz",
      "integrity": "sha512-5R1P+WwQqmmMIEACyzSvo4JXHY5WiAFHRMg+zBZKgKS+Q1viRa0C1hmUKtHltoIFKtIdki3pRxkmpP74jnNYHQ==",
      "license": "MIT",
      "funding": {
        "url": "https://github.com/sponsors/colinhacks"
      }
    }
  }
}
