{
  "name": "opencode-ptc",
  "version": "0.1.0",
  "lockfileVersion": 3,
  "requires": true,
  "packages": {
    "": {
      "name": "opencode-ptc",
      "version": "0.1.0",
      "license": "MIT",
      "dependencies": {
        "@opencode-ai/plugin": "^1.1.14",
        "@opencode-ai/sdk": "file:/Users/yuguorui/Code/sst/opencode/packages/sdk/js",
        "zod": "^3.24.0"
      },
      "devDependencies": {
        "@types/node": "^22.0.0",
        "typescript": "^5.7.0"
      },
      "peerDependencies": {
        "@opencode-ai/plugin": "^1.0.0"
      }
    },
    "../opencode/packages/sdk/js": {
      "name": "@opencode-ai/sdk",
      "version": "1.1.14",
      "license": "MIT",
      "devDependencies": {
        "@hey-api/openapi-ts": "0.88.1",
        "@tsconfig/node22": "catalog:",
        "@types/node": "catalog:",
        "@typescript/native-preview": "catalog:",
        "typescript": "catalog:"
      }
    },
    "node_modules/@opencode-ai/plugin": {
      "version": "1.1.14",
      "license": "MIT",
      "dependencies": {
        "@opencode-ai/sdk": "1.1.14",
        "zod": "4.1.8"
      }
    },
    "node_modules/@opencode-ai/plugin/node_modules/zod": {
      "version": "4.1.8",
      "license": "MIT",
      "funding": {
        "url": "https://github.com/sponsors/colinhacks"
      }
    },
    "node_modules/@opencode-ai/sdk": {
      "resolved": "../opencode/packages/sdk/js",
      "link": true
    },
    "node_modules/@types/node": {
      "version": "22.19.5",
      "dev": true,
      "license": "MIT",
      "dependencies": {
        "undici-types": "~6.21.0"
      }
    },
    "node_modules/typescript": {
      "version": "5.9.3",
      "dev": true,
      "license": "Apache-2.0",
      "bin": {
        "tsc": "bin/tsc",
        "tsserver": "bin/tsserver"
      },
      "engines": {
        "node": ">=14.17"
      }
    },
    "node_modules/undici-types": {
      "version": "6.21.0",
      "dev": true,
      "license": "MIT"
    },
    "node_modules/zod": {
      "version": "3.25.76",
      "license": "MIT",
      "funding": {
        "url": "https://github.com/sponsors/colinhacks"
      }
    }
  }
}
